// !$*UTF8*$!
{
	archiveVersion = 1;
	classes = {
	};
	objectVersion = 48;
	objects = {

/* Begin PBXBuildFile section */
		650023FF1FF49D43001281EA /* XYZLockScreenViewController.swift in Sources */ = {isa = PBXBuildFile; fileRef = 650023FE1FF49D43001281EA /* XYZLockScreenViewController.swift */; };
		650024011FF67B4F001281EA /* XYZMainSplitViewController.swift in Sources */ = {isa = PBXBuildFile; fileRef = 650024001FF67B4E001281EA /* XYZMainSplitViewController.swift */; };
		650024051FF6B423001281EA /* XYZSettingDetailTableViewController.swift in Sources */ = {isa = PBXBuildFile; fileRef = 650024041FF6B423001281EA /* XYZSettingDetailTableViewController.swift */; };
		650068FE200814F8003B6469 /* XYZiCloudZone.swift in Sources */ = {isa = PBXBuildFile; fileRef = 650068FD200814F8003B6469 /* XYZiCloudZone.swift */; };
		6522F8B51FE9BBC7005686B6 /* XYZMainUITabBarController.swift in Sources */ = {isa = PBXBuildFile; fileRef = 6522F8B41FE9BBC7005686B6 /* XYZMainUITabBarController.swift */; };
		65343E8D1FFD93B1002C5D39 /* XYZSelectionTableViewController.swift in Sources */ = {isa = PBXBuildFile; fileRef = 65343E8C1FFD93B1002C5D39 /* XYZSelectionTableViewController.swift */; };
		65343E901FFD9FC1002C5D39 /* XYZSelectionItemTableViewCell.swift in Sources */ = {isa = PBXBuildFile; fileRef = 65343E8F1FFD9FC1002C5D39 /* XYZSelectionItemTableViewCell.swift */; };
		653462191FD0FFB700F88218 /* XYZUtility.swift in Sources */ = {isa = PBXBuildFile; fileRef = 653462181FD0FFB700F88218 /* XYZUtility.swift */; };
		6539D74A208A4270000BBC1D /* InfoPlist.strings in Resources */ = {isa = PBXBuildFile; fileRef = 6539D74C208A4270000BBC1D /* InfoPlist.strings */; };
		653BFB4E2030E55A0076C184 /* XYZExpenseTableViewSearchCell.swift in Sources */ = {isa = PBXBuildFile; fileRef = 653BFB4D2030E55A0076C184 /* XYZExpenseTableViewSearchCell.swift */; };
		65402D961FEE0B740051367F /* ExpenseDetailCommandTableViewCell.swift in Sources */ = {isa = PBXBuildFile; fileRef = 65402D951FEE0B740051367F /* ExpenseDetailCommandTableViewCell.swift */; };
		65425E8C2012C92E0078E6C2 /* XYZIncomeDetailViewController.swift in Sources */ = {isa = PBXBuildFile; fileRef = 65425E8B2012C92E0078E6C2 /* XYZIncomeDetailViewController.swift */; };
		655C979D1FCCCC210098D58D /* AppDelegate.swift in Sources */ = {isa = PBXBuildFile; fileRef = 655C979C1FCCCC210098D58D /* AppDelegate.swift */; };
		655C97A41FCCCC210098D58D /* Main.storyboard in Resources */ = {isa = PBXBuildFile; fileRef = 655C97A21FCCCC210098D58D /* Main.storyboard */; };
		655C97A61FCCCC210098D58D /* Assets.xcassets in Resources */ = {isa = PBXBuildFile; fileRef = 655C97A51FCCCC210098D58D /* Assets.xcassets */; };
		655C97A91FCCCC210098D58D /* LaunchScreen.storyboard in Resources */ = {isa = PBXBuildFile; fileRef = 655C97A71FCCCC210098D58D /* LaunchScreen.storyboard */; };
		655C97B41FCCCC210098D58D /* XYZFinance2UTests.swift in Sources */ = {isa = PBXBuildFile; fileRef = 655C97B31FCCCC210098D58D /* XYZFinance2UTests.swift */; };
		655C97BF1FCCCF320098D58D /* XYZIncomeTableViewController.swift in Sources */ = {isa = PBXBuildFile; fileRef = 655C97BE1FCCCF320098D58D /* XYZIncomeTableViewController.swift */; };
		655C97C11FCCD09C0098D58D /* XYZIncomeTableViewCell.swift in Sources */ = {isa = PBXBuildFile; fileRef = 655C97C01FCCD09C0098D58D /* XYZIncomeTableViewCell.swift */; };
		655C97C31FCCD5140098D58D /* XYZAccount.swift in Sources */ = {isa = PBXBuildFile; fileRef = 655C97C21FCCD5130098D58D /* XYZAccount.swift */; };
		6564897C2381F2DC00D8BE38 /* XYZUIUtility.swift in Sources */ = {isa = PBXBuildFile; fileRef = 6564897B2381F2DC00D8BE38 /* XYZUIUtility.swift */; };
		6567E13020327DF300058238 /* BudgetTableViewController.swift in Sources */ = {isa = PBXBuildFile; fileRef = 6567E12F20327DF300058238 /* BudgetTableViewController.swift */; };
		6567E1322032866C00058238 /* XYZBudget.swift in Sources */ = {isa = PBXBuildFile; fileRef = 6567E1312032866C00058238 /* XYZBudget.swift */; };
		656BF680208838EB00EE6280 /* Localizable.strings in Resources */ = {isa = PBXBuildFile; fileRef = 656BF682208838EB00EE6280 /* Localizable.strings */; };
		657455BA200587D100AAB2E3 /* CloudKit.framework in Frameworks */ = {isa = PBXBuildFile; fileRef = 657455B9200587D100AAB2E3 /* CloudKit.framework */; };
		6576938B1FDA317F00BFFB6B /* XYZExpense.swift in Sources */ = {isa = PBXBuildFile; fileRef = 6576938A1FDA317F00BFFB6B /* XYZExpense.swift */; };
		6576938D1FDA3ACB00BFFB6B /* XYZExpenseTableViewController.swift in Sources */ = {isa = PBXBuildFile; fileRef = 6576938C1FDA3ACB00BFFB6B /* XYZExpenseTableViewController.swift */; };
		6576938F1FDB841C00BFFB6B /* XYZExpenseTableViewCell.swift in Sources */ = {isa = PBXBuildFile; fileRef = 6576938E1FDB841C00BFFB6B /* XYZExpenseTableViewCell.swift */; };
		657693C11FDB8C9E00BFFB6B /* XYZFinance2U.xcdatamodeld in Sources */ = {isa = PBXBuildFile; fileRef = 657693BF1FDB8C9E00BFFB6B /* XYZFinance2U.xcdatamodeld */; };
		657C29C82041E78D00CF3165 /* CalendarCollectionViewCell.swift in Sources */ = {isa = PBXBuildFile; fileRef = 657C29C72041E78D00CF3165 /* CalendarCollectionViewCell.swift */; };
		657C29D020430EF800CF3165 /* CalendarCollectionTableViewCell.swift in Sources */ = {isa = PBXBuildFile; fileRef = 657C29CF20430EF800CF3165 /* CalendarCollectionTableViewCell.swift */; };
		657C29D220433D6900CF3165 /* BudgetExpensesTableViewController.swift in Sources */ = {isa = PBXBuildFile; fileRef = 657C29D120433D6900CF3165 /* BudgetExpensesTableViewController.swift */; };
		657C39102038F7D400276A6E /* BudgetDetailCommandTableViewCell.swift in Sources */ = {isa = PBXBuildFile; fileRef = 657C390F2038F7D400276A6E /* BudgetDetailCommandTableViewCell.swift */; };
		657DCA1A21D2F8EF00C30F3B /* XYZTextTableViewCell.swift in Sources */ = {isa = PBXBuildFile; fileRef = 657DCA1921D2F8EF00C30F3B /* XYZTextTableViewCell.swift */; };
		657F1EB6201D5C1000FEB385 /* XYZExpenseDetailViewController.swift in Sources */ = {isa = PBXBuildFile; fileRef = 657F1EB5201D5C1000FEB385 /* XYZExpenseDetailViewController.swift */; };
		658DE92C206B17E9006C5D17 /* BudgetListTableViewController.swift in Sources */ = {isa = PBXBuildFile; fileRef = 658DE92B206B17E9006C5D17 /* BudgetListTableViewController.swift */; };
		658EF96123773C3500BF129A /* XYZiCloudUtility.swift in Sources */ = {isa = PBXBuildFile; fileRef = 658EF96023773C3500BF129A /* XYZiCloudUtility.swift */; };
		658F73541FDD961600AF7F8D /* ExpenseDetailTableViewController.swift in Sources */ = {isa = PBXBuildFile; fileRef = 658F73531FDD961600AF7F8D /* ExpenseDetailTableViewController.swift */; };
		658F735A1FDE145D00AF7F8D /* ExpenseDetailDateTableViewCell.swift in Sources */ = {isa = PBXBuildFile; fileRef = 658F73591FDE145D00AF7F8D /* ExpenseDetailDateTableViewCell.swift */; };
		658F735C1FDF8CF300AF7F8D /* ExpenseDetailDatePickerTableViewCell.swift in Sources */ = {isa = PBXBuildFile; fileRef = 658F735B1FDF8CF300AF7F8D /* ExpenseDetailDatePickerTableViewCell.swift */; };
		658F735E1FE08F5E00AF7F8D /* ExpenseDetailImagePickerTableViewCell.swift in Sources */ = {isa = PBXBuildFile; fileRef = 658F735D1FE08F5E00AF7F8D /* ExpenseDetailImagePickerTableViewCell.swift */; };
		658F73601FE1F28100AF7F8D /* ExpenseDetailImageViewController.swift in Sources */ = {isa = PBXBuildFile; fileRef = 658F735F1FE1F28100AF7F8D /* ExpenseDetailImageViewController.swift */; };
		658FD1D82037DB3F00ABDD55 /* BudgetDetailDatePickerTableViewCell.swift in Sources */ = {isa = PBXBuildFile; fileRef = 658FD1D72037DB3F00ABDD55 /* BudgetDetailDatePickerTableViewCell.swift */; };
		6590AFAA1FFADAA80004F641 /* XYZIncomeDetailSwitchTableViewCell.swift in Sources */ = {isa = PBXBuildFile; fileRef = 6590AFA91FFADAA80004F641 /* XYZIncomeDetailSwitchTableViewCell.swift */; };
		65D1AF2221DAD93700484096 /* XYZSelectionTableViewCell.swift in Sources */ = {isa = PBXBuildFile; fileRef = 65D1AF2121DAD93700484096 /* XYZSelectionTableViewCell.swift */; };
		65D870C42033B17700DE991E /* BudgetTableViewCell.swift in Sources */ = {isa = PBXBuildFile; fileRef = 65D870C32033B17700DE991E /* BudgetTableViewCell.swift */; };
		65D870C6203673BB00DE991E /* BudgetDetailTableViewController.swift in Sources */ = {isa = PBXBuildFile; fileRef = 65D870C5203673BB00DE991E /* BudgetDetailTableViewController.swift */; };
		65D870CE2037D76100DE991E /* BudgetDetailDateTableViewCell.swift in Sources */ = {isa = PBXBuildFile; fileRef = 65D870CD2037D76100DE991E /* BudgetDetailDateTableViewCell.swift */; };
		65D8BA7F2013ADD200944C2D /* XYZExchangeRate.swift in Sources */ = {isa = PBXBuildFile; fileRef = 65D8BA7E2013ADD200944C2D /* XYZExchangeRate.swift */; };
		65ECB04D20418D57009F01A9 /* CalendarCollectionViewController.swift in Sources */ = {isa = PBXBuildFile; fileRef = 65ECB04C20418D57009F01A9 /* CalendarCollectionViewController.swift */; };
		65EE339D20013F4600DEA680 /* XYZUITextField-Extension.swift in Sources */ = {isa = PBXBuildFile; fileRef = 65EE339C20013F4600DEA680 /* XYZUITextField-Extension.swift */; };
		65EE339F2001A5EF00DEA680 /* XYZSettingDetailAboutTableViewCell.swift in Sources */ = {isa = PBXBuildFile; fileRef = 65EE339E2001A5EF00DEA680 /* XYZSettingDetailAboutTableViewCell.swift */; };
		65EEC49B1FF05ED500D638CD /* XYZIncomeDetailTableViewController.swift in Sources */ = {isa = PBXBuildFile; fileRef = 65EEC49A1FF05ED500D638CD /* XYZIncomeDetailTableViewController.swift */; };
		65EEC49F1FF070B400D638CD /* XYZIncomeDetailDateTableViewCell.swift in Sources */ = {isa = PBXBuildFile; fileRef = 65EEC49E1FF070B400D638CD /* XYZIncomeDetailDateTableViewCell.swift */; };
		65EEC4A11FF072BD00D638CD /* XYZIncomeDetailDatePickerTableViewCell.swift in Sources */ = {isa = PBXBuildFile; fileRef = 65EEC4A01FF072BD00D638CD /* XYZIncomeDetailDatePickerTableViewCell.swift */; };
		65EEC4A31FF07E1400D638CD /* XYZIncomeDetailCommandTableViewCell.swift in Sources */ = {isa = PBXBuildFile; fileRef = 65EEC4A21FF07E1400D638CD /* XYZIncomeDetailCommandTableViewCell.swift */; };
		65EF6AE92054D5B20058BD75 /* XYZExpenseTableViewMonthCell.swift in Sources */ = {isa = PBXBuildFile; fileRef = 65EF6AE82054D5B20058BD75 /* XYZExpenseTableViewMonthCell.swift */; };
		65F48F1D1FE3404D006951F7 /* XYZIncomeTotalTableViewCell.swift in Sources */ = {isa = PBXBuildFile; fileRef = 65F48F1C1FE3404D006951F7 /* XYZIncomeTotalTableViewCell.swift */; };
		65F48F1F1FE370A1006951F7 /* XYZSettingTableViewController.swift in Sources */ = {isa = PBXBuildFile; fileRef = 65F48F1E1FE370A1006951F7 /* XYZSettingTableViewController.swift */; };
		65F48F211FE377EC006951F7 /* XYZSettingTableViewCell.swift in Sources */ = {isa = PBXBuildFile; fileRef = 65F48F201FE377EC006951F7 /* XYZSettingTableViewCell.swift */; };
		65F48F291FE56137006951F7 /* XYZExpensePerson.swift in Sources */ = {isa = PBXBuildFile; fileRef = 65F48F281FE56137006951F7 /* XYZExpensePerson.swift */; };
		65F48F2B1FE5828E006951F7 /* XYZExpenseReceipt.swift in Sources */ = {isa = PBXBuildFile; fileRef = 65F48F2A1FE5828E006951F7 /* XYZExpenseReceipt.swift */; };
/* End PBXBuildFile section */

/* Begin PBXContainerItemProxy section */
		655C97B01FCCCC210098D58D /* PBXContainerItemProxy */ = {
			isa = PBXContainerItemProxy;
			containerPortal = 655C97911FCCCC210098D58D /* Project object */;
			proxyType = 1;
			remoteGlobalIDString = 655C97981FCCCC210098D58D;
			remoteInfo = XYZFinance2U;
		};
/* End PBXContainerItemProxy section */

/* Begin PBXFileReference section */
		650023FE1FF49D43001281EA /* XYZLockScreenViewController.swift */ = {isa = PBXFileReference; lastKnownFileType = sourcecode.swift; path = XYZLockScreenViewController.swift; sourceTree = "<group>"; };
		650024001FF67B4E001281EA /* XYZMainSplitViewController.swift */ = {isa = PBXFileReference; lastKnownFileType = sourcecode.swift; path = XYZMainSplitViewController.swift; sourceTree = "<group>"; };
		650024041FF6B423001281EA /* XYZSettingDetailTableViewController.swift */ = {isa = PBXFileReference; lastKnownFileType = sourcecode.swift; path = XYZSettingDetailTableViewController.swift; sourceTree = "<group>"; };
		650068FD200814F8003B6469 /* XYZiCloudZone.swift */ = {isa = PBXFileReference; lastKnownFileType = sourcecode.swift; path = XYZiCloudZone.swift; sourceTree = "<group>"; };
		65170569208A46ED000355C6 /* ko */ = {isa = PBXFileReference; lastKnownFileType = text.plist.strings; name = ko; path = ko.lproj/InfoPlist.strings; sourceTree = "<group>"; };
		6517056A208A46ED000355C6 /* ja */ = {isa = PBXFileReference; lastKnownFileType = text.plist.strings; name = ja; path = ja.lproj/InfoPlist.strings; sourceTree = "<group>"; };
		6522F8B41FE9BBC7005686B6 /* XYZMainUITabBarController.swift */ = {isa = PBXFileReference; lastKnownFileType = sourcecode.swift; path = XYZMainUITabBarController.swift; sourceTree = "<group>"; };
		652938B5208D7EF100876FC7 /* es-419 */ = {isa = PBXFileReference; lastKnownFileType = text.plist.strings; name = "es-419"; path = "es-419.lproj/Main.strings"; sourceTree = "<group>"; };
		652938B6208D7EF100876FC7 /* es-419 */ = {isa = PBXFileReference; lastKnownFileType = text.plist.strings; name = "es-419"; path = "es-419.lproj/LaunchScreen.strings"; sourceTree = "<group>"; };
		652938B7208D7EF100876FC7 /* es-419 */ = {isa = PBXFileReference; lastKnownFileType = text.plist.strings; name = "es-419"; path = "es-419.lproj/Localizable.strings"; sourceTree = "<group>"; };
		652938B8208D7EF100876FC7 /* es-419 */ = {isa = PBXFileReference; lastKnownFileType = text.plist.strings; name = "es-419"; path = "es-419.lproj/InfoPlist.strings"; sourceTree = "<group>"; };
		65343E8C1FFD93B1002C5D39 /* XYZSelectionTableViewController.swift */ = {isa = PBXFileReference; lastKnownFileType = sourcecode.swift; path = XYZSelectionTableViewController.swift; sourceTree = "<group>"; };
		65343E8F1FFD9FC1002C5D39 /* XYZSelectionItemTableViewCell.swift */ = {isa = PBXFileReference; lastKnownFileType = sourcecode.swift; path = XYZSelectionItemTableViewCell.swift; sourceTree = "<group>"; };
		653462181FD0FFB700F88218 /* XYZUtility.swift */ = {isa = PBXFileReference; lastKnownFileType = sourcecode.swift; path = XYZUtility.swift; sourceTree = "<group>"; };
		6539D74B208A4270000BBC1D /* en */ = {isa = PBXFileReference; lastKnownFileType = text.plist.strings; name = en; path = en.lproj/InfoPlist.strings; sourceTree = "<group>"; };
		6539D74D208A427D000BBC1D /* zh-Hans */ = {isa = PBXFileReference; lastKnownFileType = text.plist.strings; name = "zh-Hans"; path = "zh-Hans.lproj/InfoPlist.strings"; sourceTree = "<group>"; };
		653BFB4C2030E3100076C184 /* XYZFinance2U-Mini-Guide.pages */ = {isa = PBXFileReference; lastKnownFileType = file; path = "XYZFinance2U-Mini-Guide.pages"; sourceTree = "<group>"; };
		653BFB4D2030E55A0076C184 /* XYZExpenseTableViewSearchCell.swift */ = {isa = PBXFileReference; lastKnownFileType = sourcecode.swift; path = XYZExpenseTableViewSearchCell.swift; sourceTree = "<group>"; };
		65402D951FEE0B740051367F /* ExpenseDetailCommandTableViewCell.swift */ = {isa = PBXFileReference; lastKnownFileType = sourcecode.swift; path = ExpenseDetailCommandTableViewCell.swift; sourceTree = "<group>"; };
		65425E8B2012C92E0078E6C2 /* XYZIncomeDetailViewController.swift */ = {isa = PBXFileReference; lastKnownFileType = sourcecode.swift; path = XYZIncomeDetailViewController.swift; sourceTree = "<group>"; };
		655C97991FCCCC210098D58D /* XYZFinance2U.app */ = {isa = PBXFileReference; explicitFileType = wrapper.application; includeInIndex = 0; path = XYZFinance2U.app; sourceTree = BUILT_PRODUCTS_DIR; };
		655C979C1FCCCC210098D58D /* AppDelegate.swift */ = {isa = PBXFileReference; lastKnownFileType = sourcecode.swift; path = AppDelegate.swift; sourceTree = "<group>"; };
		655C97A31FCCCC210098D58D /* Base */ = {isa = PBXFileReference; lastKnownFileType = file.storyboard; name = Base; path = Base.lproj/Main.storyboard; sourceTree = "<group>"; };
		655C97A51FCCCC210098D58D /* Assets.xcassets */ = {isa = PBXFileReference; lastKnownFileType = folder.assetcatalog; path = Assets.xcassets; sourceTree = "<group>"; };
		655C97A81FCCCC210098D58D /* Base */ = {isa = PBXFileReference; lastKnownFileType = file.storyboard; name = Base; path = Base.lproj/LaunchScreen.storyboard; sourceTree = "<group>"; };
		655C97AA1FCCCC210098D58D /* Info.plist */ = {isa = PBXFileReference; lastKnownFileType = text.plist.xml; path = Info.plist; sourceTree = "<group>"; };
		655C97AF1FCCCC210098D58D /* XYZFinance2UTests.xctest */ = {isa = PBXFileReference; explicitFileType = wrapper.cfbundle; includeInIndex = 0; path = XYZFinance2UTests.xctest; sourceTree = BUILT_PRODUCTS_DIR; };
		655C97B31FCCCC210098D58D /* XYZFinance2UTests.swift */ = {isa = PBXFileReference; lastKnownFileType = sourcecode.swift; path = XYZFinance2UTests.swift; sourceTree = "<group>"; };
		655C97B51FCCCC210098D58D /* Info.plist */ = {isa = PBXFileReference; lastKnownFileType = text.plist.xml; path = Info.plist; sourceTree = "<group>"; };
		655C97BE1FCCCF320098D58D /* XYZIncomeTableViewController.swift */ = {isa = PBXFileReference; lastKnownFileType = sourcecode.swift; path = XYZIncomeTableViewController.swift; sourceTree = "<group>"; };
		655C97C01FCCD09C0098D58D /* XYZIncomeTableViewCell.swift */ = {isa = PBXFileReference; lastKnownFileType = sourcecode.swift; path = XYZIncomeTableViewCell.swift; sourceTree = "<group>"; };
		655C97C21FCCD5130098D58D /* XYZAccount.swift */ = {isa = PBXFileReference; lastKnownFileType = sourcecode.swift; path = XYZAccount.swift; sourceTree = "<group>"; };
		6564897B2381F2DC00D8BE38 /* XYZUIUtility.swift */ = {isa = PBXFileReference; lastKnownFileType = sourcecode.swift; path = XYZUIUtility.swift; sourceTree = "<group>"; };
		6567E12F20327DF300058238 /* BudgetTableViewController.swift */ = {isa = PBXFileReference; lastKnownFileType = sourcecode.swift; path = BudgetTableViewController.swift; sourceTree = "<group>"; };
		6567E1312032866C00058238 /* XYZBudget.swift */ = {isa = PBXFileReference; lastKnownFileType = sourcecode.swift; path = XYZBudget.swift; sourceTree = "<group>"; };
		656BF67E208838BE00EE6280 /* zh-Hans */ = {isa = PBXFileReference; lastKnownFileType = text.plist.strings; name = "zh-Hans"; path = "zh-Hans.lproj/Main.strings"; sourceTree = "<group>"; };
		656BF681208838EB00EE6280 /* zh-Hans */ = {isa = PBXFileReference; lastKnownFileType = text.plist.strings; name = "zh-Hans"; path = "zh-Hans.lproj/Localizable.strings"; sourceTree = "<group>"; };
		656BF6862088D92200EE6280 /* en */ = {isa = PBXFileReference; lastKnownFileType = text.plist.strings; name = en; path = en.lproj/Localizable.strings; sourceTree = "<group>"; };
		656BF6902088F28600EE6280 /* ja */ = {isa = PBXFileReference; lastKnownFileType = text.plist.strings; name = ja; path = ja.lproj/Main.strings; sourceTree = "<group>"; };
		656BF6912088F28600EE6280 /* ja */ = {isa = PBXFileReference; lastKnownFileType = text.plist.strings; name = ja; path = ja.lproj/LaunchScreen.strings; sourceTree = "<group>"; };
		656BF6922088F28700EE6280 /* ja */ = {isa = PBXFileReference; lastKnownFileType = text.plist.strings; name = ja; path = ja.lproj/Localizable.strings; sourceTree = "<group>"; };
		656BF6932088F28E00EE6280 /* ko */ = {isa = PBXFileReference; lastKnownFileType = text.plist.strings; name = ko; path = ko.lproj/Main.strings; sourceTree = "<group>"; };
		656BF6942088F28F00EE6280 /* ko */ = {isa = PBXFileReference; lastKnownFileType = text.plist.strings; name = ko; path = ko.lproj/LaunchScreen.strings; sourceTree = "<group>"; };
		656BF6952088F28F00EE6280 /* ko */ = {isa = PBXFileReference; lastKnownFileType = text.plist.strings; name = ko; path = ko.lproj/Localizable.strings; sourceTree = "<group>"; };
		657455B6200585F500AAB2E3 /* XYZFinance2U.entitlements */ = {isa = PBXFileReference; lastKnownFileType = text.plist.entitlements; path = XYZFinance2U.entitlements; sourceTree = "<group>"; };
		657455B9200587D100AAB2E3 /* CloudKit.framework */ = {isa = PBXFileReference; lastKnownFileType = wrapper.framework; name = CloudKit.framework; path = System/Library/Frameworks/CloudKit.framework; sourceTree = SDKROOT; };
		6576938A1FDA317F00BFFB6B /* XYZExpense.swift */ = {isa = PBXFileReference; lastKnownFileType = sourcecode.swift; path = XYZExpense.swift; sourceTree = "<group>"; };
		6576938C1FDA3ACB00BFFB6B /* XYZExpenseTableViewController.swift */ = {isa = PBXFileReference; lastKnownFileType = sourcecode.swift; path = XYZExpenseTableViewController.swift; sourceTree = "<group>"; };
		6576938E1FDB841C00BFFB6B /* XYZExpenseTableViewCell.swift */ = {isa = PBXFileReference; lastKnownFileType = sourcecode.swift; path = XYZExpenseTableViewCell.swift; sourceTree = "<group>"; };
		657693C01FDB8C9E00BFFB6B /* XYZFinance2U.xcdatamodel */ = {isa = PBXFileReference; lastKnownFileType = wrapper.xcdatamodel; path = XYZFinance2U.xcdatamodel; sourceTree = "<group>"; };
		657C29C72041E78D00CF3165 /* CalendarCollectionViewCell.swift */ = {isa = PBXFileReference; lastKnownFileType = sourcecode.swift; path = CalendarCollectionViewCell.swift; sourceTree = "<group>"; };
		657C29CF20430EF800CF3165 /* CalendarCollectionTableViewCell.swift */ = {isa = PBXFileReference; lastKnownFileType = sourcecode.swift; path = CalendarCollectionTableViewCell.swift; sourceTree = "<group>"; };
		657C29D120433D6900CF3165 /* BudgetExpensesTableViewController.swift */ = {isa = PBXFileReference; lastKnownFileType = sourcecode.swift; path = BudgetExpensesTableViewController.swift; sourceTree = "<group>"; };
		657C390F2038F7D400276A6E /* BudgetDetailCommandTableViewCell.swift */ = {isa = PBXFileReference; lastKnownFileType = sourcecode.swift; path = BudgetDetailCommandTableViewCell.swift; sourceTree = "<group>"; };
		657DCA1921D2F8EF00C30F3B /* XYZTextTableViewCell.swift */ = {isa = PBXFileReference; lastKnownFileType = sourcecode.swift; path = XYZTextTableViewCell.swift; sourceTree = "<group>"; };
		657F1EB5201D5C1000FEB385 /* XYZExpenseDetailViewController.swift */ = {isa = PBXFileReference; lastKnownFileType = sourcecode.swift; path = XYZExpenseDetailViewController.swift; sourceTree = "<group>"; };
		658DE92B206B17E9006C5D17 /* BudgetListTableViewController.swift */ = {isa = PBXFileReference; lastKnownFileType = sourcecode.swift; path = BudgetListTableViewController.swift; sourceTree = "<group>"; };
		658EF96023773C3500BF129A /* XYZiCloudUtility.swift */ = {isa = PBXFileReference; lastKnownFileType = sourcecode.swift; path = XYZiCloudUtility.swift; sourceTree = "<group>"; };
		658F73531FDD961600AF7F8D /* ExpenseDetailTableViewController.swift */ = {isa = PBXFileReference; lastKnownFileType = sourcecode.swift; path = ExpenseDetailTableViewController.swift; sourceTree = "<group>"; };
		658F73591FDE145D00AF7F8D /* ExpenseDetailDateTableViewCell.swift */ = {isa = PBXFileReference; lastKnownFileType = sourcecode.swift; path = ExpenseDetailDateTableViewCell.swift; sourceTree = "<group>"; };
		658F735B1FDF8CF300AF7F8D /* ExpenseDetailDatePickerTableViewCell.swift */ = {isa = PBXFileReference; lastKnownFileType = sourcecode.swift; path = ExpenseDetailDatePickerTableViewCell.swift; sourceTree = "<group>"; };
		658F735D1FE08F5E00AF7F8D /* ExpenseDetailImagePickerTableViewCell.swift */ = {isa = PBXFileReference; lastKnownFileType = sourcecode.swift; path = ExpenseDetailImagePickerTableViewCell.swift; sourceTree = "<group>"; };
		658F735F1FE1F28100AF7F8D /* ExpenseDetailImageViewController.swift */ = {isa = PBXFileReference; lastKnownFileType = sourcecode.swift; path = ExpenseDetailImageViewController.swift; sourceTree = "<group>"; };
		658FD1D72037DB3F00ABDD55 /* BudgetDetailDatePickerTableViewCell.swift */ = {isa = PBXFileReference; lastKnownFileType = sourcecode.swift; path = BudgetDetailDatePickerTableViewCell.swift; sourceTree = "<group>"; };
		6590AFA91FFADAA80004F641 /* XYZIncomeDetailSwitchTableViewCell.swift */ = {isa = PBXFileReference; lastKnownFileType = sourcecode.swift; path = XYZIncomeDetailSwitchTableViewCell.swift; sourceTree = "<group>"; };
		65B16853233D725100AFB497 /* Metal.framework */ = {isa = PBXFileReference; lastKnownFileType = wrapper.framework; name = Metal.framework; path = System/Library/Frameworks/Metal.framework; sourceTree = SDKROOT; };
		65B16855233D725A00AFB497 /* MetalKit.framework */ = {isa = PBXFileReference; lastKnownFileType = wrapper.framework; name = MetalKit.framework; path = System/Library/Frameworks/MetalKit.framework; sourceTree = SDKROOT; };
		65D1AF2121DAD93700484096 /* XYZSelectionTableViewCell.swift */ = {isa = PBXFileReference; lastKnownFileType = sourcecode.swift; path = XYZSelectionTableViewCell.swift; sourceTree = "<group>"; };
		65D870C32033B17700DE991E /* BudgetTableViewCell.swift */ = {isa = PBXFileReference; lastKnownFileType = sourcecode.swift; path = BudgetTableViewCell.swift; sourceTree = "<group>"; };
		65D870C5203673BB00DE991E /* BudgetDetailTableViewController.swift */ = {isa = PBXFileReference; lastKnownFileType = sourcecode.swift; path = BudgetDetailTableViewController.swift; sourceTree = "<group>"; };
		65D870CD2037D76100DE991E /* BudgetDetailDateTableViewCell.swift */ = {isa = PBXFileReference; lastKnownFileType = sourcecode.swift; path = BudgetDetailDateTableViewCell.swift; sourceTree = "<group>"; };
		65D8BA7E2013ADD200944C2D /* XYZExchangeRate.swift */ = {isa = PBXFileReference; lastKnownFileType = sourcecode.swift; path = XYZExchangeRate.swift; sourceTree = "<group>"; };
		65ECB04C20418D57009F01A9 /* CalendarCollectionViewController.swift */ = {isa = PBXFileReference; lastKnownFileType = sourcecode.swift; path = CalendarCollectionViewController.swift; sourceTree = "<group>"; };
		65EE339C20013F4600DEA680 /* XYZUITextField-Extension.swift */ = {isa = PBXFileReference; lastKnownFileType = sourcecode.swift; path = "XYZUITextField-Extension.swift"; sourceTree = "<group>"; };
		65EE339E2001A5EF00DEA680 /* XYZSettingDetailAboutTableViewCell.swift */ = {isa = PBXFileReference; lastKnownFileType = sourcecode.swift; path = XYZSettingDetailAboutTableViewCell.swift; sourceTree = "<group>"; };
		65EEC49A1FF05ED500D638CD /* XYZIncomeDetailTableViewController.swift */ = {isa = PBXFileReference; lastKnownFileType = sourcecode.swift; path = XYZIncomeDetailTableViewController.swift; sourceTree = "<group>"; };
		65EEC49E1FF070B400D638CD /* XYZIncomeDetailDateTableViewCell.swift */ = {isa = PBXFileReference; lastKnownFileType = sourcecode.swift; path = XYZIncomeDetailDateTableViewCell.swift; sourceTree = "<group>"; };
		65EEC4A01FF072BD00D638CD /* XYZIncomeDetailDatePickerTableViewCell.swift */ = {isa = PBXFileReference; lastKnownFileType = sourcecode.swift; path = XYZIncomeDetailDatePickerTableViewCell.swift; sourceTree = "<group>"; };
		65EEC4A21FF07E1400D638CD /* XYZIncomeDetailCommandTableViewCell.swift */ = {isa = PBXFileReference; lastKnownFileType = sourcecode.swift; path = XYZIncomeDetailCommandTableViewCell.swift; sourceTree = "<group>"; };
		65EEC4AB1FF2B9BC00D638CD /* CoreLocation.framework */ = {isa = PBXFileReference; lastKnownFileType = wrapper.framework; name = CoreLocation.framework; path = System/Library/Frameworks/CoreLocation.framework; sourceTree = SDKROOT; };
		65EF6AE82054D5B20058BD75 /* XYZExpenseTableViewMonthCell.swift */ = {isa = PBXFileReference; lastKnownFileType = sourcecode.swift; path = XYZExpenseTableViewMonthCell.swift; sourceTree = "<group>"; };
		65F48F1C1FE3404D006951F7 /* XYZIncomeTotalTableViewCell.swift */ = {isa = PBXFileReference; lastKnownFileType = sourcecode.swift; path = XYZIncomeTotalTableViewCell.swift; sourceTree = "<group>"; };
		65F48F1E1FE370A1006951F7 /* XYZSettingTableViewController.swift */ = {isa = PBXFileReference; lastKnownFileType = sourcecode.swift; path = XYZSettingTableViewController.swift; sourceTree = "<group>"; };
		65F48F201FE377EC006951F7 /* XYZSettingTableViewCell.swift */ = {isa = PBXFileReference; lastKnownFileType = sourcecode.swift; path = XYZSettingTableViewCell.swift; sourceTree = "<group>"; };
		65F48F281FE56137006951F7 /* XYZExpensePerson.swift */ = {isa = PBXFileReference; lastKnownFileType = sourcecode.swift; path = XYZExpensePerson.swift; sourceTree = "<group>"; };
		65F48F2A1FE5828E006951F7 /* XYZExpenseReceipt.swift */ = {isa = PBXFileReference; lastKnownFileType = sourcecode.swift; path = XYZExpenseReceipt.swift; sourceTree = "<group>"; };
/* End PBXFileReference section */

/* Begin PBXFrameworksBuildPhase section */
		655C97961FCCCC210098D58D /* Frameworks */ = {
			isa = PBXFrameworksBuildPhase;
			buildActionMask = 2147483647;
			files = (
				657455BA200587D100AAB2E3 /* CloudKit.framework in Frameworks */,
			);
			runOnlyForDeploymentPostprocessing = 0;
		};
		655C97AC1FCCCC210098D58D /* Frameworks */ = {
			isa = PBXFrameworksBuildPhase;
			buildActionMask = 2147483647;
			files = (
			);
			runOnlyForDeploymentPostprocessing = 0;
		};
/* End PBXFrameworksBuildPhase section */

/* Begin PBXGroup section */
		650024061FF6FEFE001281EA /* Expense */ = {
			isa = PBXGroup;
			children = (
				6576938C1FDA3ACB00BFFB6B /* XYZExpenseTableViewController.swift */,
				6576938E1FDB841C00BFFB6B /* XYZExpenseTableViewCell.swift */,
				658F73531FDD961600AF7F8D /* ExpenseDetailTableViewController.swift */,
				658F73591FDE145D00AF7F8D /* ExpenseDetailDateTableViewCell.swift */,
				658F735B1FDF8CF300AF7F8D /* ExpenseDetailDatePickerTableViewCell.swift */,
				658F735D1FE08F5E00AF7F8D /* ExpenseDetailImagePickerTableViewCell.swift */,
				658F735F1FE1F28100AF7F8D /* ExpenseDetailImageViewController.swift */,
				65402D951FEE0B740051367F /* ExpenseDetailCommandTableViewCell.swift */,
				657F1EB5201D5C1000FEB385 /* XYZExpenseDetailViewController.swift */,
				653BFB4D2030E55A0076C184 /* XYZExpenseTableViewSearchCell.swift */,
				65EF6AE82054D5B20058BD75 /* XYZExpenseTableViewMonthCell.swift */,
			);
			path = Expense;
			sourceTree = "<group>";
		};
		650024071FF6FF7E001281EA /* Income */ = {
			isa = PBXGroup;
			children = (
				655C97BE1FCCCF320098D58D /* XYZIncomeTableViewController.swift */,
				655C97C01FCCD09C0098D58D /* XYZIncomeTableViewCell.swift */,
				65F48F1C1FE3404D006951F7 /* XYZIncomeTotalTableViewCell.swift */,
				65EEC49A1FF05ED500D638CD /* XYZIncomeDetailTableViewController.swift */,
				65EEC49E1FF070B400D638CD /* XYZIncomeDetailDateTableViewCell.swift */,
				65EEC4A01FF072BD00D638CD /* XYZIncomeDetailDatePickerTableViewCell.swift */,
				65EEC4A21FF07E1400D638CD /* XYZIncomeDetailCommandTableViewCell.swift */,
				6590AFA91FFADAA80004F641 /* XYZIncomeDetailSwitchTableViewCell.swift */,
				65425E8B2012C92E0078E6C2 /* XYZIncomeDetailViewController.swift */,
			);
			path = Income;
			sourceTree = "<group>";
		};
		650024081FF6FFA6001281EA /* Setting */ = {
			isa = PBXGroup;
			children = (
				65F48F1E1FE370A1006951F7 /* XYZSettingTableViewController.swift */,
				65F48F201FE377EC006951F7 /* XYZSettingTableViewCell.swift */,
				650024041FF6B423001281EA /* XYZSettingDetailTableViewController.swift */,
				65EE339E2001A5EF00DEA680 /* XYZSettingDetailAboutTableViewCell.swift */,
			);
			path = Setting;
			sourceTree = "<group>";
		};
		65343E8E1FFD969A002C5D39 /* Shared UI */ = {
			isa = PBXGroup;
			children = (
				65343E8C1FFD93B1002C5D39 /* XYZSelectionTableViewController.swift */,
				65343E8F1FFD9FC1002C5D39 /* XYZSelectionItemTableViewCell.swift */,
				65EE339C20013F4600DEA680 /* XYZUITextField-Extension.swift */,
				657DCA1921D2F8EF00C30F3B /* XYZTextTableViewCell.swift */,
				65D1AF2121DAD93700484096 /* XYZSelectionTableViewCell.swift */,
				6564897B2381F2DC00D8BE38 /* XYZUIUtility.swift */,
			);
			path = "Shared UI";
			sourceTree = "<group>";
		};
		653BFB4A2030A2530076C184 /* Document */ = {
			isa = PBXGroup;
			children = (
				653BFB4C2030E3100076C184 /* XYZFinance2U-Mini-Guide.pages */,
			);
			path = Document;
			sourceTree = "<group>";
		};
		655C97901FCCCC210098D58D = {
			isa = PBXGroup;
			children = (
				655C979B1FCCCC210098D58D /* XYZFinance2U */,
				655C97B21FCCCC210098D58D /* XYZFinance2UTests */,
				655C979A1FCCCC210098D58D /* Products */,
				65EEC4AA1FF2B9BC00D638CD /* Frameworks */,
			);
			sourceTree = "<group>";
		};
		655C979A1FCCCC210098D58D /* Products */ = {
			isa = PBXGroup;
			children = (
				655C97991FCCCC210098D58D /* XYZFinance2U.app */,
				655C97AF1FCCCC210098D58D /* XYZFinance2UTests.xctest */,
			);
			name = Products;
			sourceTree = "<group>";
		};
		655C979B1FCCCC210098D58D /* XYZFinance2U */ = {
			isa = PBXGroup;
			children = (
				657455B6200585F500AAB2E3 /* XYZFinance2U.entitlements */,
				65F48F271FE56095006951F7 /* Model */,
				650024071FF6FF7E001281EA /* Income */,
				650024061FF6FEFE001281EA /* Expense */,
				6567E12E20327DAC00058238 /* Budget */,
				650024081FF6FFA6001281EA /* Setting */,
				65343E8E1FFD969A002C5D39 /* Shared UI */,
				658EF95D237739DE00BF129A /* Miscallenous */,
				655C979C1FCCCC210098D58D /* AppDelegate.swift */,
				650024001FF67B4E001281EA /* XYZMainSplitViewController.swift */,
				6522F8B41FE9BBC7005686B6 /* XYZMainUITabBarController.swift */,
				650023FE1FF49D43001281EA /* XYZLockScreenViewController.swift */,
				655C97A21FCCCC210098D58D /* Main.storyboard */,
				655C97A71FCCCC210098D58D /* LaunchScreen.storyboard */,
				655C97A51FCCCC210098D58D /* Assets.xcassets */,
				655C97AA1FCCCC210098D58D /* Info.plist */,
				6539D74C208A4270000BBC1D /* InfoPlist.strings */,
				656BF682208838EB00EE6280 /* Localizable.strings */,
				653BFB4A2030A2530076C184 /* Document */,
			);
			path = XYZFinance2U;
			sourceTree = "<group>";
		};
		655C97B21FCCCC210098D58D /* XYZFinance2UTests */ = {
			isa = PBXGroup;
			children = (
				655C97B31FCCCC210098D58D /* XYZFinance2UTests.swift */,
				655C97B51FCCCC210098D58D /* Info.plist */,
			);
			path = XYZFinance2UTests;
			sourceTree = "<group>";
		};
		6567E12E20327DAC00058238 /* Budget */ = {
			isa = PBXGroup;
			children = (
				6567E12F20327DF300058238 /* BudgetTableViewController.swift */,
				65D870C32033B17700DE991E /* BudgetTableViewCell.swift */,
				65D870C5203673BB00DE991E /* BudgetDetailTableViewController.swift */,
				65D870CD2037D76100DE991E /* BudgetDetailDateTableViewCell.swift */,
				658FD1D72037DB3F00ABDD55 /* BudgetDetailDatePickerTableViewCell.swift */,
				657C390F2038F7D400276A6E /* BudgetDetailCommandTableViewCell.swift */,
				65ECB04C20418D57009F01A9 /* CalendarCollectionViewController.swift */,
				657C29C72041E78D00CF3165 /* CalendarCollectionViewCell.swift */,
				657C29CF20430EF800CF3165 /* CalendarCollectionTableViewCell.swift */,
				657C29D120433D6900CF3165 /* BudgetExpensesTableViewController.swift */,
				658DE92B206B17E9006C5D17 /* BudgetListTableViewController.swift */,
			);
			path = Budget;
			sourceTree = "<group>";
		};
		658EF95D237739DE00BF129A /* Miscallenous */ = {
			isa = PBXGroup;
			children = (
				653462181FD0FFB700F88218 /* XYZUtility.swift */,
				658EF96023773C3500BF129A /* XYZiCloudUtility.swift */,
			);
			path = Miscallenous;
			sourceTree = "<group>";
		};
		65EEC4AA1FF2B9BC00D638CD /* Frameworks */ = {
			isa = PBXGroup;
			children = (
				65B16855233D725A00AFB497 /* MetalKit.framework */,
				65B16853233D725100AFB497 /* Metal.framework */,
				657455B9200587D100AAB2E3 /* CloudKit.framework */,
				65EEC4AB1FF2B9BC00D638CD /* CoreLocation.framework */,
			);
			name = Frameworks;
			sourceTree = "<group>";
		};
		65F48F271FE56095006951F7 /* Model */ = {
			isa = PBXGroup;
			children = (
				655C97C21FCCD5130098D58D /* XYZAccount.swift */,
				65D8BA7E2013ADD200944C2D /* XYZExchangeRate.swift */,
				6576938A1FDA317F00BFFB6B /* XYZExpense.swift */,
				65F48F281FE56137006951F7 /* XYZExpensePerson.swift */,
				65F48F2A1FE5828E006951F7 /* XYZExpenseReceipt.swift */,
				650068FD200814F8003B6469 /* XYZiCloudZone.swift */,
				6567E1312032866C00058238 /* XYZBudget.swift */,
				657693BF1FDB8C9E00BFFB6B /* XYZFinance2U.xcdatamodeld */,
			);
			path = Model;
			sourceTree = "<group>";
		};
/* End PBXGroup section */

/* Begin PBXNativeTarget section */
		655C97981FCCCC210098D58D /* XYZFinance2U */ = {
			isa = PBXNativeTarget;
			buildConfigurationList = 655C97B81FCCCC210098D58D /* Build configuration list for PBXNativeTarget "XYZFinance2U" */;
			buildPhases = (
				655C97951FCCCC210098D58D /* Sources */,
				655C97961FCCCC210098D58D /* Frameworks */,
				655C97971FCCCC210098D58D /* Resources */,
			);
			buildRules = (
			);
			dependencies = (
			);
			name = XYZFinance2U;
			productName = XYZFinance2U;
			productReference = 655C97991FCCCC210098D58D /* XYZFinance2U.app */;
			productType = "com.apple.product-type.application";
		};
		655C97AE1FCCCC210098D58D /* XYZFinance2UTests */ = {
			isa = PBXNativeTarget;
			buildConfigurationList = 655C97BB1FCCCC210098D58D /* Build configuration list for PBXNativeTarget "XYZFinance2UTests" */;
			buildPhases = (
				655C97AB1FCCCC210098D58D /* Sources */,
				655C97AC1FCCCC210098D58D /* Frameworks */,
				655C97AD1FCCCC210098D58D /* Resources */,
			);
			buildRules = (
			);
			dependencies = (
				655C97B11FCCCC210098D58D /* PBXTargetDependency */,
			);
			name = XYZFinance2UTests;
			productName = XYZFinance2UTests;
			productReference = 655C97AF1FCCCC210098D58D /* XYZFinance2UTests.xctest */;
			productType = "com.apple.product-type.bundle.unit-test";
		};
/* End PBXNativeTarget section */

/* Begin PBXProject section */
		655C97911FCCCC210098D58D /* Project object */ = {
			isa = PBXProject;
			attributes = {
				LastSwiftUpdateCheck = 0920;
				LastUpgradeCheck = 0930;
				ORGANIZATIONNAME = "CB Hoh";
				TargetAttributes = {
					655C97981FCCCC210098D58D = {
						CreatedOnToolsVersion = 9.2;
						LastSwiftMigration = 1020;
						ProvisioningStyle = Automatic;
						SystemCapabilities = {
							com.apple.BackgroundModes = {
								enabled = 1;
							};
							com.apple.Push = {
								enabled = 1;
							};
							com.apple.iCloud = {
								enabled = 1;
							};
						};
					};
					655C97AE1FCCCC210098D58D = {
						CreatedOnToolsVersion = 9.2;
						LastSwiftMigration = 1020;
						ProvisioningStyle = Automatic;
						TestTargetID = 655C97981FCCCC210098D58D;
					};
				};
			};
			buildConfigurationList = 655C97941FCCCC210098D58D /* Build configuration list for PBXProject "XYZFinance2U" */;
			compatibilityVersion = "Xcode 8.0";
			developmentRegion = en;
			hasScannedForEncodings = 0;
			knownRegions = (
				en,
				Base,
				ja,
				ko,
				"zh-Hans",
				"es-419",
			);
			mainGroup = 655C97901FCCCC210098D58D;
			productRefGroup = 655C979A1FCCCC210098D58D /* Products */;
			projectDirPath = "";
			projectRoot = "";
			targets = (
				655C97981FCCCC210098D58D /* XYZFinance2U */,
				655C97AE1FCCCC210098D58D /* XYZFinance2UTests */,
			);
		};
/* End PBXProject section */

/* Begin PBXResourcesBuildPhase section */
		655C97971FCCCC210098D58D /* Resources */ = {
			isa = PBXResourcesBuildPhase;
			buildActionMask = 2147483647;
			files = (
				655C97A91FCCCC210098D58D /* LaunchScreen.storyboard in Resources */,
				656BF680208838EB00EE6280 /* Localizable.strings in Resources */,
				655C97A61FCCCC210098D58D /* Assets.xcassets in Resources */,
				655C97A41FCCCC210098D58D /* Main.storyboard in Resources */,
				6539D74A208A4270000BBC1D /* InfoPlist.strings in Resources */,
			);
			runOnlyForDeploymentPostprocessing = 0;
		};
		655C97AD1FCCCC210098D58D /* Resources */ = {
			isa = PBXResourcesBuildPhase;
			buildActionMask = 2147483647;
			files = (
			);
			runOnlyForDeploymentPostprocessing = 0;
		};
/* End PBXResourcesBuildPhase section */

/* Begin PBXSourcesBuildPhase section */
		655C97951FCCCC210098D58D /* Sources */ = {
			isa = PBXSourcesBuildPhase;
			buildActionMask = 2147483647;
			files = (
				657C29C82041E78D00CF3165 /* CalendarCollectionViewCell.swift in Sources */,
				658DE92C206B17E9006C5D17 /* BudgetListTableViewController.swift in Sources */,
				658F735C1FDF8CF300AF7F8D /* ExpenseDetailDatePickerTableViewCell.swift in Sources */,
				657C29D220433D6900CF3165 /* BudgetExpensesTableViewController.swift in Sources */,
				6576938F1FDB841C00BFFB6B /* XYZExpenseTableViewCell.swift in Sources */,
				6590AFAA1FFADAA80004F641 /* XYZIncomeDetailSwitchTableViewCell.swift in Sources */,
				65EEC4A11FF072BD00D638CD /* XYZIncomeDetailDatePickerTableViewCell.swift in Sources */,
				657693C11FDB8C9E00BFFB6B /* XYZFinance2U.xcdatamodeld in Sources */,
				65EE339D20013F4600DEA680 /* XYZUITextField-Extension.swift in Sources */,
				65343E8D1FFD93B1002C5D39 /* XYZSelectionTableViewController.swift in Sources */,
				653462191FD0FFB700F88218 /* XYZUtility.swift in Sources */,
				650023FF1FF49D43001281EA /* XYZLockScreenViewController.swift in Sources */,
				6567E13020327DF300058238 /* BudgetTableViewController.swift in Sources */,
				6576938D1FDA3ACB00BFFB6B /* XYZExpenseTableViewController.swift in Sources */,
				658F735E1FE08F5E00AF7F8D /* ExpenseDetailImagePickerTableViewCell.swift in Sources */,
				65343E901FFD9FC1002C5D39 /* XYZSelectionItemTableViewCell.swift in Sources */,
				65402D961FEE0B740051367F /* ExpenseDetailCommandTableViewCell.swift in Sources */,
				65F48F211FE377EC006951F7 /* XYZSettingTableViewCell.swift in Sources */,
				6567E1322032866C00058238 /* XYZBudget.swift in Sources */,
				65D8BA7F2013ADD200944C2D /* XYZExchangeRate.swift in Sources */,
				655C97BF1FCCCF320098D58D /* XYZIncomeTableViewController.swift in Sources */,
				650024011FF67B4F001281EA /* XYZMainSplitViewController.swift in Sources */,
				650068FE200814F8003B6469 /* XYZiCloudZone.swift in Sources */,
				658FD1D82037DB3F00ABDD55 /* BudgetDetailDatePickerTableViewCell.swift in Sources */,
				65EEC4A31FF07E1400D638CD /* XYZIncomeDetailCommandTableViewCell.swift in Sources */,
				65F48F1D1FE3404D006951F7 /* XYZIncomeTotalTableViewCell.swift in Sources */,
				655C97C11FCCD09C0098D58D /* XYZIncomeTableViewCell.swift in Sources */,
				65EEC49B1FF05ED500D638CD /* XYZIncomeDetailTableViewController.swift in Sources */,
				65F48F1F1FE370A1006951F7 /* XYZSettingTableViewController.swift in Sources */,
				657C39102038F7D400276A6E /* BudgetDetailCommandTableViewCell.swift in Sources */,
				65F48F2B1FE5828E006951F7 /* XYZExpenseReceipt.swift in Sources */,
				658F735A1FDE145D00AF7F8D /* ExpenseDetailDateTableViewCell.swift in Sources */,
				658EF96123773C3500BF129A /* XYZiCloudUtility.swift in Sources */,
				655C979D1FCCCC210098D58D /* AppDelegate.swift in Sources */,
				6564897C2381F2DC00D8BE38 /* XYZUIUtility.swift in Sources */,
				6522F8B51FE9BBC7005686B6 /* XYZMainUITabBarController.swift in Sources */,
				653BFB4E2030E55A0076C184 /* XYZExpenseTableViewSearchCell.swift in Sources */,
				65EEC49F1FF070B400D638CD /* XYZIncomeDetailDateTableViewCell.swift in Sources */,
				65EE339F2001A5EF00DEA680 /* XYZSettingDetailAboutTableViewCell.swift in Sources */,
				6576938B1FDA317F00BFFB6B /* XYZExpense.swift in Sources */,
				65D1AF2221DAD93700484096 /* XYZSelectionTableViewCell.swift in Sources */,
				658F73601FE1F28100AF7F8D /* ExpenseDetailImageViewController.swift in Sources */,
				65425E8C2012C92E0078E6C2 /* XYZIncomeDetailViewController.swift in Sources */,
				65F48F291FE56137006951F7 /* XYZExpensePerson.swift in Sources */,
				65ECB04D20418D57009F01A9 /* CalendarCollectionViewController.swift in Sources */,
				65EF6AE92054D5B20058BD75 /* XYZExpenseTableViewMonthCell.swift in Sources */,
				655C97C31FCCD5140098D58D /* XYZAccount.swift in Sources */,
				650024051FF6B423001281EA /* XYZSettingDetailTableViewController.swift in Sources */,
				657F1EB6201D5C1000FEB385 /* XYZExpenseDetailViewController.swift in Sources */,
				657C29D020430EF800CF3165 /* CalendarCollectionTableViewCell.swift in Sources */,
				65D870C42033B17700DE991E /* BudgetTableViewCell.swift in Sources */,
				65D870CE2037D76100DE991E /* BudgetDetailDateTableViewCell.swift in Sources */,
				65D870C6203673BB00DE991E /* BudgetDetailTableViewController.swift in Sources */,
				658F73541FDD961600AF7F8D /* ExpenseDetailTableViewController.swift in Sources */,
				657DCA1A21D2F8EF00C30F3B /* XYZTextTableViewCell.swift in Sources */,
			);
			runOnlyForDeploymentPostprocessing = 0;
		};
		655C97AB1FCCCC210098D58D /* Sources */ = {
			isa = PBXSourcesBuildPhase;
			buildActionMask = 2147483647;
			files = (
				655C97B41FCCCC210098D58D /* XYZFinance2UTests.swift in Sources */,
			);
			runOnlyForDeploymentPostprocessing = 0;
		};
/* End PBXSourcesBuildPhase section */

/* Begin PBXTargetDependency section */
		655C97B11FCCCC210098D58D /* PBXTargetDependency */ = {
			isa = PBXTargetDependency;
			target = 655C97981FCCCC210098D58D /* XYZFinance2U */;
			targetProxy = 655C97B01FCCCC210098D58D /* PBXContainerItemProxy */;
		};
/* End PBXTargetDependency section */

/* Begin PBXVariantGroup section */
		6539D74C208A4270000BBC1D /* InfoPlist.strings */ = {
			isa = PBXVariantGroup;
			children = (
				6539D74B208A4270000BBC1D /* en */,
				6539D74D208A427D000BBC1D /* zh-Hans */,
				65170569208A46ED000355C6 /* ko */,
				6517056A208A46ED000355C6 /* ja */,
				652938B8208D7EF100876FC7 /* es-419 */,
			);
			name = InfoPlist.strings;
			sourceTree = "<group>";
		};
		655C97A21FCCCC210098D58D /* Main.storyboard */ = {
			isa = PBXVariantGroup;
			children = (
				655C97A31FCCCC210098D58D /* Base */,
				656BF67E208838BE00EE6280 /* zh-Hans */,
				656BF6902088F28600EE6280 /* ja */,
				656BF6932088F28E00EE6280 /* ko */,
				652938B5208D7EF100876FC7 /* es-419 */,
			);
			name = Main.storyboard;
			sourceTree = "<group>";
		};
		655C97A71FCCCC210098D58D /* LaunchScreen.storyboard */ = {
			isa = PBXVariantGroup;
			children = (
				655C97A81FCCCC210098D58D /* Base */,
				656BF6912088F28600EE6280 /* ja */,
				656BF6942088F28F00EE6280 /* ko */,
				652938B6208D7EF100876FC7 /* es-419 */,
			);
			name = LaunchScreen.storyboard;
			sourceTree = "<group>";
		};
		656BF682208838EB00EE6280 /* Localizable.strings */ = {
			isa = PBXVariantGroup;
			children = (
				656BF681208838EB00EE6280 /* zh-Hans */,
				656BF6862088D92200EE6280 /* en */,
				656BF6922088F28700EE6280 /* ja */,
				656BF6952088F28F00EE6280 /* ko */,
				652938B7208D7EF100876FC7 /* es-419 */,
			);
			name = Localizable.strings;
			sourceTree = "<group>";
		};
/* End PBXVariantGroup section */

/* Begin XCBuildConfiguration section */
		655C97B61FCCCC210098D58D /* Debug */ = {
			isa = XCBuildConfiguration;
			buildSettings = {
				ALWAYS_SEARCH_USER_PATHS = NO;
				CLANG_ANALYZER_LOCALIZABILITY_NONLOCALIZED = YES;
				CLANG_ANALYZER_NONNULL = YES;
				CLANG_ANALYZER_NUMBER_OBJECT_CONVERSION = YES_AGGRESSIVE;
				CLANG_CXX_LANGUAGE_STANDARD = "gnu++14";
				CLANG_CXX_LIBRARY = "libc++";
				CLANG_ENABLE_MODULES = YES;
				CLANG_ENABLE_OBJC_ARC = YES;
				CLANG_WARN_BLOCK_CAPTURE_AUTORELEASING = YES;
				CLANG_WARN_BOOL_CONVERSION = YES;
				CLANG_WARN_COMMA = YES;
				CLANG_WARN_CONSTANT_CONVERSION = YES;
				CLANG_WARN_DEPRECATED_OBJC_IMPLEMENTATIONS = YES;
				CLANG_WARN_DIRECT_OBJC_ISA_USAGE = YES_ERROR;
				CLANG_WARN_DOCUMENTATION_COMMENTS = YES;
				CLANG_WARN_EMPTY_BODY = YES;
				CLANG_WARN_ENUM_CONVERSION = YES;
				CLANG_WARN_INFINITE_RECURSION = YES;
				CLANG_WARN_INT_CONVERSION = YES;
				CLANG_WARN_NON_LITERAL_NULL_CONVERSION = YES;
				CLANG_WARN_OBJC_IMPLICIT_RETAIN_SELF = YES;
				CLANG_WARN_OBJC_LITERAL_CONVERSION = YES;
				CLANG_WARN_OBJC_ROOT_CLASS = YES_ERROR;
				CLANG_WARN_RANGE_LOOP_ANALYSIS = YES;
				CLANG_WARN_STRICT_PROTOTYPES = YES;
				CLANG_WARN_SUSPICIOUS_MOVE = YES;
				CLANG_WARN_UNGUARDED_AVAILABILITY = YES_AGGRESSIVE;
				CLANG_WARN_UNREACHABLE_CODE = YES;
				CLANG_WARN__DUPLICATE_METHOD_MATCH = YES;
				CODE_SIGN_IDENTITY = "iPhone Developer";
				COPY_PHASE_STRIP = NO;
				DEBUG_INFORMATION_FORMAT = dwarf;
				ENABLE_STRICT_OBJC_MSGSEND = YES;
				ENABLE_TESTABILITY = YES;
				GCC_C_LANGUAGE_STANDARD = gnu11;
				GCC_DYNAMIC_NO_PIC = NO;
				GCC_NO_COMMON_BLOCKS = YES;
				GCC_OPTIMIZATION_LEVEL = 0;
				GCC_PREPROCESSOR_DEFINITIONS = (
					"DEBUG=1",
					"$(inherited)",
				);
				GCC_WARN_64_TO_32_BIT_CONVERSION = YES;
				GCC_WARN_ABOUT_RETURN_TYPE = YES_ERROR;
				GCC_WARN_UNDECLARED_SELECTOR = YES;
				GCC_WARN_UNINITIALIZED_AUTOS = YES_AGGRESSIVE;
				GCC_WARN_UNUSED_FUNCTION = YES;
				GCC_WARN_UNUSED_VARIABLE = YES;
				IPHONEOS_DEPLOYMENT_TARGET = 11.2;
				MTL_ENABLE_DEBUG_INFO = YES;
				ONLY_ACTIVE_ARCH = YES;
				SDKROOT = iphoneos;
				SWIFT_ACTIVE_COMPILATION_CONDITIONS = DEBUG;
				SWIFT_OPTIMIZATION_LEVEL = "-Onone";
			};
			name = Debug;
		};
		655C97B71FCCCC210098D58D /* Release */ = {
			isa = XCBuildConfiguration;
			buildSettings = {
				ALWAYS_SEARCH_USER_PATHS = NO;
				CLANG_ANALYZER_LOCALIZABILITY_NONLOCALIZED = YES;
				CLANG_ANALYZER_NONNULL = YES;
				CLANG_ANALYZER_NUMBER_OBJECT_CONVERSION = YES_AGGRESSIVE;
				CLANG_CXX_LANGUAGE_STANDARD = "gnu++14";
				CLANG_CXX_LIBRARY = "libc++";
				CLANG_ENABLE_MODULES = YES;
				CLANG_ENABLE_OBJC_ARC = YES;
				CLANG_WARN_BLOCK_CAPTURE_AUTORELEASING = YES;
				CLANG_WARN_BOOL_CONVERSION = YES;
				CLANG_WARN_COMMA = YES;
				CLANG_WARN_CONSTANT_CONVERSION = YES;
				CLANG_WARN_DEPRECATED_OBJC_IMPLEMENTATIONS = YES;
				CLANG_WARN_DIRECT_OBJC_ISA_USAGE = YES_ERROR;
				CLANG_WARN_DOCUMENTATION_COMMENTS = YES;
				CLANG_WARN_EMPTY_BODY = YES;
				CLANG_WARN_ENUM_CONVERSION = YES;
				CLANG_WARN_INFINITE_RECURSION = YES;
				CLANG_WARN_INT_CONVERSION = YES;
				CLANG_WARN_NON_LITERAL_NULL_CONVERSION = YES;
				CLANG_WARN_OBJC_IMPLICIT_RETAIN_SELF = YES;
				CLANG_WARN_OBJC_LITERAL_CONVERSION = YES;
				CLANG_WARN_OBJC_ROOT_CLASS = YES_ERROR;
				CLANG_WARN_RANGE_LOOP_ANALYSIS = YES;
				CLANG_WARN_STRICT_PROTOTYPES = YES;
				CLANG_WARN_SUSPICIOUS_MOVE = YES;
				CLANG_WARN_UNGUARDED_AVAILABILITY = YES_AGGRESSIVE;
				CLANG_WARN_UNREACHABLE_CODE = YES;
				CLANG_WARN__DUPLICATE_METHOD_MATCH = YES;
				CODE_SIGN_IDENTITY = "iPhone Distribution";
				"CODE_SIGN_IDENTITY[sdk=iphoneos*]" = "iPhone Distribution";
				COPY_PHASE_STRIP = NO;
				DEBUG_INFORMATION_FORMAT = "dwarf-with-dsym";
				ENABLE_NS_ASSERTIONS = NO;
				ENABLE_STRICT_OBJC_MSGSEND = YES;
				GCC_C_LANGUAGE_STANDARD = gnu11;
				GCC_NO_COMMON_BLOCKS = YES;
				GCC_WARN_64_TO_32_BIT_CONVERSION = YES;
				GCC_WARN_ABOUT_RETURN_TYPE = YES_ERROR;
				GCC_WARN_UNDECLARED_SELECTOR = YES;
				GCC_WARN_UNINITIALIZED_AUTOS = YES_AGGRESSIVE;
				GCC_WARN_UNUSED_FUNCTION = YES;
				GCC_WARN_UNUSED_VARIABLE = YES;
				IPHONEOS_DEPLOYMENT_TARGET = 11.2;
				MTL_ENABLE_DEBUG_INFO = NO;
				SDKROOT = iphoneos;
				SWIFT_OPTIMIZATION_LEVEL = "-Owholemodule";
				VALIDATE_PRODUCT = YES;
			};
			name = Release;
		};
		655C97B91FCCCC210098D58D /* Debug */ = {
			isa = XCBuildConfiguration;
			buildSettings = {
				ASSETCATALOG_COMPILER_APPICON_NAME = AppIcon;
				CLANG_ENABLE_OBJC_WEAK = YES;
				CODE_SIGN_ENTITLEMENTS = XYZFinance2U/XYZFinance2U.entitlements;
				"CODE_SIGN_IDENTITY[sdk=iphoneos*]" = "iPhone Developer";
				CODE_SIGN_STYLE = Automatic;
				CURRENT_PROJECT_VERSION = 13;
				DEVELOPMENT_TEAM = BKU6P4Y9G4;
				INFOPLIST_FILE = XYZFinance2U/Info.plist;
				IPHONEOS_DEPLOYMENT_TARGET = 11.0;
				LD_RUNPATH_SEARCH_PATHS = "$(inherited) @executable_path/Frameworks";
				MARKETING_VERSION = 4.17;
				PRODUCT_BUNDLE_IDENTIFIER = com.cbHOH.XYZFinance2U;
				PRODUCT_NAME = "$(TARGET_NAME)";
				PROVISIONING_PROFILE = "";
				PROVISIONING_PROFILE_SPECIFIER = "";
				SWIFT_VERSION = 5.0;
				TARGETED_DEVICE_FAMILY = 1;
			};
			name = Debug;
		};
		655C97BA1FCCCC210098D58D /* Release */ = {
			isa = XCBuildConfiguration;
			buildSettings = {
				ASSETCATALOG_COMPILER_APPICON_NAME = AppIcon;
				CLANG_ENABLE_OBJC_WEAK = YES;
				CODE_SIGN_ENTITLEMENTS = XYZFinance2U/XYZFinance2U.entitlements;
				"CODE_SIGN_IDENTITY[sdk=iphoneos*]" = "iPhone Developer";
				CODE_SIGN_STYLE = Automatic;
				CURRENT_PROJECT_VERSION = 13;
				DEVELOPMENT_TEAM = BKU6P4Y9G4;
				INFOPLIST_FILE = XYZFinance2U/Info.plist;
				IPHONEOS_DEPLOYMENT_TARGET = 11.0;
				LD_RUNPATH_SEARCH_PATHS = "$(inherited) @executable_path/Frameworks";
				MARKETING_VERSION = 4.17;
				PRODUCT_BUNDLE_IDENTIFIER = com.cbHOH.XYZFinance2U;
				PRODUCT_NAME = "$(TARGET_NAME)";
				PROVISIONING_PROFILE = "";
				PROVISIONING_PROFILE_SPECIFIER = "";
				SWIFT_VERSION = 5.0;
				TARGETED_DEVICE_FAMILY = 1;
			};
			name = Release;
		};
		655C97BC1FCCCC210098D58D /* Debug */ = {
			isa = XCBuildConfiguration;
			buildSettings = {
				ALWAYS_EMBED_SWIFT_STANDARD_LIBRARIES = YES;
				BUNDLE_LOADER = "$(TEST_HOST)";
				CLANG_ENABLE_OBJC_WEAK = YES;
				CODE_SIGN_STYLE = Automatic;
				DEVELOPMENT_TEAM = BKU6P4Y9G4;
				INFOPLIST_FILE = XYZFinance2UTests/Info.plist;
				LD_RUNPATH_SEARCH_PATHS = "$(inherited) @executable_path/Frameworks @loader_path/Frameworks";
				PRODUCT_BUNDLE_IDENTIFIER = com.cbHOH.XYZFinance2UTests;
				PRODUCT_NAME = "$(TARGET_NAME)";
				SWIFT_VERSION = 5.0;
				TARGETED_DEVICE_FAMILY = "1,2";
				TEST_HOST = "$(BUILT_PRODUCTS_DIR)/XYZFinance2U.app/XYZFinance2U";
			};
			name = Debug;
		};
		655C97BD1FCCCC210098D58D /* Release */ = {
			isa = XCBuildConfiguration;
			buildSettings = {
				ALWAYS_EMBED_SWIFT_STANDARD_LIBRARIES = YES;
				BUNDLE_LOADER = "$(TEST_HOST)";
				CLANG_ENABLE_OBJC_WEAK = YES;
				CODE_SIGN_STYLE = Automatic;
				DEVELOPMENT_TEAM = BKU6P4Y9G4;
				INFOPLIST_FILE = XYZFinance2UTests/Info.plist;
				LD_RUNPATH_SEARCH_PATHS = "$(inherited) @executable_path/Frameworks @loader_path/Frameworks";
				PRODUCT_BUNDLE_IDENTIFIER = com.cbHOH.XYZFinance2UTests;
				PRODUCT_NAME = "$(TARGET_NAME)";
				SWIFT_VERSION = 5.0;
				TARGETED_DEVICE_FAMILY = "1,2";
				TEST_HOST = "$(BUILT_PRODUCTS_DIR)/XYZFinance2U.app/XYZFinance2U";
			};
			name = Release;
		};
/* End XCBuildConfiguration section */

/* Begin XCConfigurationList section */
		655C97941FCCCC210098D58D /* Build configuration list for PBXProject "XYZFinance2U" */ = {
			isa = XCConfigurationList;
			buildConfigurations = (
				655C97B61FCCCC210098D58D /* Debug */,
				655C97B71FCCCC210098D58D /* Release */,
			);
			defaultConfigurationIsVisible = 0;
			defaultConfigurationName = Release;
		};
		655C97B81FCCCC210098D58D /* Build configuration list for PBXNativeTarget "XYZFinance2U" */ = {
			isa = XCConfigurationList;
			buildConfigurations = (
				655C97B91FCCCC210098D58D /* Debug */,
				655C97BA1FCCCC210098D58D /* Release */,
			);
			defaultConfigurationIsVisible = 0;
			defaultConfigurationName = Release;
		};
		655C97BB1FCCCC210098D58D /* Build configuration list for PBXNativeTarget "XYZFinance2UTests" */ = {
			isa = XCConfigurationList;
			buildConfigurations = (
				655C97BC1FCCCC210098D58D /* Debug */,
				655C97BD1FCCCC210098D58D /* Release */,
			);
			defaultConfigurationIsVisible = 0;
			defaultConfigurationName = Release;
		};
/* End XCConfigurationList section */

/* Begin XCVersionGroup section */
		657693BF1FDB8C9E00BFFB6B /* XYZFinance2U.xcdatamodeld */ = {
			isa = XCVersionGroup;
			children = (
				657693C01FDB8C9E00BFFB6B /* XYZFinance2U.xcdatamodel */,
			);
			currentVersion = 657693C01FDB8C9E00BFFB6B /* XYZFinance2U.xcdatamodel */;
			path = XYZFinance2U.xcdatamodeld;
			sourceTree = "<group>";
			versionGroupType = wrapper.xcdatamodel;
		};
/* End XCVersionGroup section */
	};
	rootObject = 655C97911FCCCC210098D58D /* Project object */;
}
